
Microsoft Visual Studio Solution File, Format Version 12.00
# Visual Studio Version 17
VisualStudioVersion = 17.13.35913.81 d17.13
MinimumVisualStudioVersion = 10.0.40219.1
Project("{FAE04EC0-301F-11D3-BF4B-00C04F79EFBC}") = "EmployeePayroll", "EmployeePayroll\EmployeePayroll.csproj", "{993A337E-BD84-4E3B-8457-F5B3526C879B}"
EndProject
Global
	GlobalSection(SolutionConfigurationPlatforms) = preSolution
		Debug|Any CPU = Debug|Any CPU
		Release|Any CPU = Release|Any CPU
	EndGlobalSection
	GlobalSection(ProjectConfigurationPlatforms) = postSolution
		{993A337E-BD84-4E3B-8457-F5B3526C879B}.Debug|Any CPU.ActiveCfg = Debug|Any CPU
		{993A337E-BD84-4E3B-8457-F5B3526C879B}.Debug|Any CPU.Build.0 = Debug|Any CPU
		{993A337E-BD84-4E3B-8457-F5B3526C879B}.Release|Any CPU.ActiveCfg = Release|Any CPU
		{993A337E-BD84-4E3B-8457-F5B3526C879B}.Release|Any CPU.Build.0 = Release|Any CPU
	EndGlobalSection
	GlobalSection(SolutionProperties) = preSolution
		HideSolutionNode = FALSE
	EndGlobalSection
	GlobalSection(ExtensibilityGlobals) = postSolution
		SolutionGuid = {51D1A1CA-0D1D-4432-8EA8-C46AB89CE325}
	EndGlobalSection
EndGlobal
